
Microsoft Visual Studio Solution File, Format Version 12.00
# Visual Studio Version 16
VisualStudioVersion = 16.0.29519.87
MinimumVisualStudioVersion = 10.0.40219.1
Project("{9A19103F-16F7-4668-BE54-9A1E7A4F7556}") = "AGAT.LocoDispatcher.Web", "AGAT.LocoDispatcher.Web\AGAT.LocoDispatcher.Web.csproj", "{A64A9C84-C720-4D19-A7A1-370E18FD3725}"
EndProject
Project("{9A19103F-16F7-4668-BE54-9A1E7A4F7556}") = "AGAT.LocoDispatcher.Business", "AGAT.LocoDispatcher.Business\AGAT.LocoDispatcher.Business.csproj", "{2FD6029D-C51A-45EE-BCD0-59553241057B}"
EndProject
Project("{9A19103F-16F7-4668-BE54-9A1E7A4F7556}") = "AGAT.LocoDispatcher.Data", "AGAT.LocoDispatcher.Business.Data\AGAT.LocoDispatcher.Data.csproj", "{846861D6-F6CB-40BF-BB55-AC4AC192BCA3}"
EndProject
Project("{9A19103F-16F7-4668-BE54-9A1E7A4F7556}") = "AGAT.LocoDispatcher.Business.Tests", "AGAT.LocoDispatcher.Business.Tests\AGAT.LocoDispatcher.Business.Tests.csproj", "{CDDBA400-2915-4199-BE3D-508F31821E20}"
EndProject
Project("{9A19103F-16F7-4668-BE54-9A1E7A4F7556}") = "AGAT.LocoDispatcher.Data.Tests", "AGAT.LocoDispatcher.Data.Tests\AGAT.LocoDispatcher.Data.Tests.csproj", "{8B135BD6-1F02-4881-BBD6-C801985F0CA8}"
EndProject
Project("{9A19103F-16F7-4668-BE54-9A1E7A4F7556}") = "AGAT.LocoDispatcher.Web.Tests", "AGAT.LocoDispatcher.Web.Tests\AGAT.LocoDispatcher.Web.Tests.csproj", "{19EE57CB-0965-4EA4-A7DF-93F6D26A0877}"
EndProject
Project("{9A19103F-16F7-4668-BE54-9A1E7A4F7556}") = "AGAT.LocoDispatcher.AsusData", "AGAT.LocoDispatcher.AsusData\AGAT.LocoDispatcher.AsusData.csproj", "{C625E25F-E09D-472B-AEBF-A492BD3A21F9}"
EndProject
Project("{9A19103F-16F7-4668-BE54-9A1E7A4F7556}") = "AGAT.LocoDispatcher.AsusData.Tests", "AGAT.LocoDispatcher.AsusData.Tests\AGAT.LocoDispatcher.AsusData.Tests.csproj", "{7759ED07-91FD-4052-93FA-56BF6F968657}"
EndProject
Project("{9A19103F-16F7-4668-BE54-9A1E7A4F7556}") = "AGAT.LocoDispatcher.Web.AuthServer", "AGAT.LocoDispatcher.Web.AuthServer\AGAT.LocoDispatcher.Web.AuthServer.csproj", "{36797A0D-BE27-486C-A7BD-1EF696950775}"
EndProject
Global
	GlobalSection(SolutionConfigurationPlatforms) = preSolution
		Debug|Any CPU = Debug|Any CPU
		Release|Any CPU = Release|Any CPU
	EndGlobalSection
	GlobalSection(ProjectConfigurationPlatforms) = postSolution
		{A64A9C84-C720-4D19-A7A1-370E18FD3725}.Debug|Any CPU.ActiveCfg = Debug|Any CPU
		{A64A9C84-C720-4D19-A7A1-370E18FD3725}.Debug|Any CPU.Build.0 = Debug|Any CPU
		{A64A9C84-C720-4D19-A7A1-370E18FD3725}.Release|Any CPU.ActiveCfg = Release|Any CPU
		{A64A9C84-C720-4D19-A7A1-370E18FD3725}.Release|Any CPU.Build.0 = Release|Any CPU
		{2FD6029D-C51A-45EE-BCD0-59553241057B}.Debug|Any CPU.ActiveCfg = Debug|Any CPU
		{2FD6029D-C51A-45EE-BCD0-59553241057B}.Debug|Any CPU.Build.0 = Debug|Any CPU
		{2FD6029D-C51A-45EE-BCD0-59553241057B}.Release|Any CPU.ActiveCfg = Release|Any CPU
		{2FD6029D-C51A-45EE-BCD0-59553241057B}.Release|Any CPU.Build.0 = Release|Any CPU
		{846861D6-F6CB-40BF-BB55-AC4AC192BCA3}.Debug|Any CPU.ActiveCfg = Debug|Any CPU
		{846861D6-F6CB-40BF-BB55-AC4AC192BCA3}.Debug|Any CPU.Build.0 = Debug|Any CPU
		{846861D6-F6CB-40BF-BB55-AC4AC192BCA3}.Release|Any CPU.ActiveCfg = Release|Any CPU
		{846861D6-F6CB-40BF-BB55-AC4AC192BCA3}.Release|Any CPU.Build.0 = Release|Any CPU
		{CDDBA400-2915-4199-BE3D-508F31821E20}.Debug|Any CPU.ActiveCfg = Debug|Any CPU
		{CDDBA400-2915-4199-BE3D-508F31821E20}.Debug|Any CPU.Build.0 = Debug|Any CPU
		{CDDBA400-2915-4199-BE3D-508F31821E20}.Release|Any CPU.ActiveCfg = Release|Any CPU
		{CDDBA400-2915-4199-BE3D-508F31821E20}.Release|Any CPU.Build.0 = Release|Any CPU
		{8B135BD6-1F02-4881-BBD6-C801985F0CA8}.Debug|Any CPU.ActiveCfg = Debug|Any CPU
		{8B135BD6-1F02-4881-BBD6-C801985F0CA8}.Debug|Any CPU.Build.0 = Debug|Any CPU
		{8B135BD6-1F02-4881-BBD6-C801985F0CA8}.Release|Any CPU.ActiveCfg = Release|Any CPU
		{8B135BD6-1F02-4881-BBD6-C801985F0CA8}.Release|Any CPU.Build.0 = Release|Any CPU
		{19EE57CB-0965-4EA4-A7DF-93F6D26A0877}.Debug|Any CPU.ActiveCfg = Debug|Any CPU
		{19EE57CB-0965-4EA4-A7DF-93F6D26A0877}.Debug|Any CPU.Build.0 = Debug|Any CPU
		{19EE57CB-0965-4EA4-A7DF-93F6D26A0877}.Release|Any CPU.ActiveCfg = Release|Any CPU
		{19EE57CB-0965-4EA4-A7DF-93F6D26A0877}.Release|Any CPU.Build.0 = Release|Any CPU
		{C625E25F-E09D-472B-AEBF-A492BD3A21F9}.Debug|Any CPU.ActiveCfg = Debug|Any CPU
		{C625E25F-E09D-472B-AEBF-A492BD3A21F9}.Debug|Any CPU.Build.0 = Debug|Any CPU
		{C625E25F-E09D-472B-AEBF-A492BD3A21F9}.Release|Any CPU.ActiveCfg = Release|Any CPU
		{C625E25F-E09D-472B-AEBF-A492BD3A21F9}.Release|Any CPU.Build.0 = Release|Any CPU
		{7759ED07-91FD-4052-93FA-56BF6F968657}.Debug|Any CPU.ActiveCfg = Debug|Any CPU
		{7759ED07-91FD-4052-93FA-56BF6F968657}.Debug|Any CPU.Build.0 = Debug|Any CPU
		{7759ED07-91FD-4052-93FA-56BF6F968657}.Release|Any CPU.ActiveCfg = Release|Any CPU
		{7759ED07-91FD-4052-93FA-56BF6F968657}.Release|Any CPU.Build.0 = Release|Any CPU
		{36797A0D-BE27-486C-A7BD-1EF696950775}.Debug|Any CPU.ActiveCfg = Debug|Any CPU
		{36797A0D-BE27-486C-A7BD-1EF696950775}.Debug|Any CPU.Build.0 = Debug|Any CPU
		{36797A0D-BE27-486C-A7BD-1EF696950775}.Release|Any CPU.ActiveCfg = Release|Any CPU
		{36797A0D-BE27-486C-A7BD-1EF696950775}.Release|Any CPU.Build.0 = Release|Any CPU
	EndGlobalSection
	GlobalSection(SolutionProperties) = preSolution
		HideSolutionNode = FALSE
	EndGlobalSection
	GlobalSection(ExtensibilityGlobals) = postSolution
		SolutionGuid = {C0FAFD67-3005-4EB2-8287-C36B6C54C29D}
	EndGlobalSection
EndGlobal
