
Microsoft Visual Studio Solution File, Format Version 12.00
# Visual Studio Version 16
VisualStudioVersion = 16.0.29519.87
MinimumVisualStudioVersion = 10.0.40219.1
Project("{FAE04EC0-301F-11D3-BF4B-00C04F79EFBC}") = "AGAT.LocoDispatcher.Web", "AGAT.LocoDispatcher.Web\AGAT.LocoDispatcher.Web.csproj", "{A64A9C84-C720-4D19-A7A1-370E18FD3725}"
EndProject
Global
	GlobalSection(SolutionConfigurationPlatforms) = preSolution
		Debug|Any CPU = Debug|Any CPU
		Release|Any CPU = Release|Any CPU
	EndGlobalSection
	GlobalSection(ProjectConfigurationPlatforms) = postSolution
		{A64A9C84-C720-4D19-A7A1-370E18FD3725}.Debug|Any CPU.ActiveCfg = Debug|Any CPU
		{A64A9C84-C720-4D19-A7A1-370E18FD3725}.Debug|Any CPU.Build.0 = Debug|Any CPU
		{A64A9C84-C720-4D19-A7A1-370E18FD3725}.Release|Any CPU.ActiveCfg = Release|Any CPU
		{A64A9C84-C720-4D19-A7A1-370E18FD3725}.Release|Any CPU.Build.0 = Release|Any CPU
	EndGlobalSection
	GlobalSection(SolutionProperties) = preSolution
		HideSolutionNode = FALSE
	EndGlobalSection
	GlobalSection(ExtensibilityGlobals) = postSolution
		SolutionGuid = {C0FAFD67-3005-4EB2-8287-C36B6C54C29D}
	EndGlobalSection
EndGlobal
